{
  "name": "@airnub/devc",
  "version": "0.1.0",
  "lockfileVersion": 3,
  "requires": true,
  "packages": {
    "": {
      "name": "@airnub/devc",
      "version": "0.1.0",
      "license": "Apache-2.0",
      "dependencies": {
        "@types/node": "^20.12.12",
        "ajv": "^8.17.1",
        "ajv-formats": "^3.0.1",
        "chalk": "^5.3.0",
        "commander": "^12.1.0",
        "deepmerge": "^4.3.1",
        "execa": "^9.3.0",
        "fs-extra": "^11.2.0",
        "globby": "^14.0.2",
        "tar": "^7.4.3",
        "yaml": "^2.6.0",
        "zod": "^3.23.8"
      },
      "devDependencies": {
        "tsx": "^4.19.2",
        "typescript": "^5.6.3",
        "eslint": "^9.10.0",
        "vitest": "^1.6.0"
      }
    },
    "node_modules/@types/node": {
      "version": "20.12.12"
    },
    "node_modules/ajv": {
      "version": "8.17.1"
    },
    "node_modules/ajv-formats": {
      "version": "3.0.1"
    },
    "node_modules/chalk": {
      "version": "5.3.0"
    },
    "node_modules/commander": {
      "version": "12.1.0"
    },
    "node_modules/deepmerge": {
      "version": "4.3.1"
    },
    "node_modules/execa": {
      "version": "9.3.0"
    },
    "node_modules/fs-extra": {
      "version": "11.2.0"
    },
    "node_modules/globby": {
      "version": "14.0.2"
    },
    "node_modules/tar": {
      "version": "7.4.3"
    },
    "node_modules/yaml": {
      "version": "2.6.0"
    },
    "node_modules/zod": {
      "version": "3.23.8"
    },
    "node_modules/tsx": {
      "version": "4.19.2"
    },
    "node_modules/typescript": {
      "version": "5.6.3"
    },
    "node_modules/eslint": {
      "version": "9.10.0"
    },
    "node_modules/vitest": {
      "version": "1.6.0"
    }
  },
  "dependencies": {
    "@types/node": {
      "version": "20.12.12"
    },
    "ajv": {
      "version": "8.17.1"
    },
    "ajv-formats": {
      "version": "3.0.1"
    },
    "chalk": {
      "version": "5.3.0"
    },
    "commander": {
      "version": "12.1.0"
    },
    "deepmerge": {
      "version": "4.3.1"
    },
    "execa": {
      "version": "9.3.0"
    },
    "fs-extra": {
      "version": "11.2.0"
    },
    "globby": {
      "version": "14.0.2"
    },
    "tar": {
      "version": "7.4.3"
    },
    "yaml": {
      "version": "2.6.0"
    },
    "zod": {
      "version": "3.23.8"
    }
  },
  "devDependencies": {
    "tsx": {
      "version": "4.19.2"
    },
    "typescript": {
      "version": "5.6.3"
    },
    "eslint": {
      "version": "9.10.0"
    },
    "vitest": {
      "version": "1.6.0"
    }
  }
}
